// !$*UTF8*$!
{
	archiveVersion = 1;
	classes = {
	};
	objectVersion = 46;
	objects = {

/* Begin PBXBuildFile section */
		838039891F271513000F0340 /* main.m in Sources */ = {isa = PBXBuildFile; fileRef = 838039881F271513000F0340 /* main.m */; };
		8380398C1F271513000F0340 /* AppDelegate.m in Sources */ = {isa = PBXBuildFile; fileRef = 8380398B1F271513000F0340 /* AppDelegate.m */; };
		8380398F1F271513000F0340 /* ViewController.m in Sources */ = {isa = PBXBuildFile; fileRef = 8380398E1F271513000F0340 /* ViewController.m */; };
		838039921F271513000F0340 /* Main.storyboard in Resources */ = {isa = PBXBuildFile; fileRef = 838039901F271513000F0340 /* Main.storyboard */; };
		838039941F271513000F0340 /* Assets.xcassets in Resources */ = {isa = PBXBuildFile; fileRef = 838039931F271513000F0340 /* Assets.xcassets */; };
		838039971F271513000F0340 /* LaunchScreen.storyboard in Resources */ = {isa = PBXBuildFile; fileRef = 838039951F271513000F0340 /* LaunchScreen.storyboard */; };
		838039A21F271513000F0340 /* SceneKit_17____Tests.m in Sources */ = {isa = PBXBuildFile; fileRef = 838039A11F271513000F0340 /* SceneKit_17____Tests.m */; };
		838039AD1F271513000F0340 /* SceneKit_17____UITests.m in Sources */ = {isa = PBXBuildFile; fileRef = 838039AC1F271513000F0340 /* SceneKit_17____UITests.m */; };
/* End PBXBuildFile section */

/* Begin PBXContainerItemProxy section */
		8380399E1F271513000F0340 /* PBXContainerItemProxy */ = {
			isa = PBXContainerItemProxy;
			containerPortal = 8380397C1F271513000F0340 /* Project object */;
			proxyType = 1;
			remoteGlobalIDString = 838039831F271513000F0340;
			remoteInfo = "SceneKit-17阴影使用";
		};
		838039A91F271513000F0340 /* PBXContainerItemProxy */ = {
			isa = PBXContainerItemProxy;
			containerPortal = 8380397C1F271513000F0340 /* Project object */;
			proxyType = 1;
			remoteGlobalIDString = 838039831F271513000F0340;
			remoteInfo = "SceneKit-17阴影使用";
		};
/* End PBXContainerItemProxy section */

/* Begin PBXFileReference section */
		838039841F271513000F0340 /* SceneKit-17阴影使用.app */ = {isa = PBXFileReference; explicitFileType = wrapper.application; includeInIndex = 0; path = "SceneKit-17阴影使用.app"; sourceTree = BUILT_PRODUCTS_DIR; };
		838039881F271513000F0340 /* main.m */ = {isa = PBXFileReference; lastKnownFileType = sourcecode.c.objc; path = main.m; sourceTree = "<group>"; };
		8380398A1F271513000F0340 /* AppDelegate.h */ = {isa = PBXFileReference; lastKnownFileType = sourcecode.c.h; path = AppDelegate.h; sourceTree = "<group>"; };
		8380398B1F271513000F0340 /* AppDelegate.m */ = {isa = PBXFileReference; lastKnownFileType = sourcecode.c.objc; path = AppDelegate.m; sourceTree = "<group>"; };
		8380398D1F271513000F0340 /* ViewController.h */ = {isa = PBXFileReference; lastKnownFileType = sourcecode.c.h; path = ViewController.h; sourceTree = "<group>"; };
		8380398E1F271513000F0340 /* ViewController.m */ = {isa = PBXFileReference; lastKnownFileType = sourcecode.c.objc; path = ViewController.m; sourceTree = "<group>"; };
		838039911F271513000F0340 /* Base */ = {isa = PBXFileReference; lastKnownFileType = file.storyboard; name = Base; path = Base.lproj/Main.storyboard; sourceTree = "<group>"; };
		838039931F271513000F0340 /* Assets.xcassets */ = {isa = PBXFileReference; lastKnownFileType = folder.assetcatalog; path = Assets.xcassets; sourceTree = "<group>"; };
		838039961F271513000F0340 /* Base */ = {isa = PBXFileReference; lastKnownFileType = file.storyboard; name = Base; path = Base.lproj/LaunchScreen.storyboard; sourceTree = "<group>"; };
		838039981F271513000F0340 /* Info.plist */ = {isa = PBXFileReference; lastKnownFileType = text.plist.xml; path = Info.plist; sourceTree = "<group>"; };
		8380399D1F271513000F0340 /* SceneKit-17阴影使用Tests.xctest */ = {isa = PBXFileReference; explicitFileType = wrapper.cfbundle; includeInIndex = 0; path = "SceneKit-17阴影使用Tests.xctest"; sourceTree = BUILT_PRODUCTS_DIR; };
		838039A11F271513000F0340 /* SceneKit_17____Tests.m */ = {isa = PBXFileReference; lastKnownFileType = sourcecode.c.objc; path = "SceneKit_17____Tests.m"; sourceTree = "<group>"; };
		838039A31F271513000F0340 /* Info.plist */ = {isa = PBXFileReference; lastKnownFileType = text.plist.xml; path = Info.plist; sourceTree = "<group>"; };
		838039A81F271513000F0340 /* SceneKit-17阴影使用UITests.xctest */ = {isa = PBXFileReference; explicitFileType = wrapper.cfbundle; includeInIndex = 0; path = "SceneKit-17阴影使用UITests.xctest"; sourceTree = BUILT_PRODUCTS_DIR; };
		838039AC1F271513000F0340 /* SceneKit_17____UITests.m */ = {isa = PBXFileReference; lastKnownFileType = sourcecode.c.objc; path = "SceneKit_17____UITests.m"; sourceTree = "<group>"; };
		838039AE1F271513000F0340 /* Info.plist */ = {isa = PBXFileReference; lastKnownFileType = text.plist.xml; path = Info.plist; sourceTree = "<group>"; };
/* End PBXFileReference section */

/* Begin PBXFrameworksBuildPhase section */
		838039811F271513000F0340 /* Frameworks */ = {
			isa = PBXFrameworksBuildPhase;
			buildActionMask = 2147483647;
			files = (
			);
			runOnlyForDeploymentPostprocessing = 0;
		};
		8380399A1F271513000F0340 /* Frameworks */ = {
			isa = PBXFrameworksBuildPhase;
			buildActionMask = 2147483647;
			files = (
			);
			runOnlyForDeploymentPostprocessing = 0;
		};
		838039A51F271513000F0340 /* Frameworks */ = {
			isa = PBXFrameworksBuildPhase;
			buildActionMask = 2147483647;
			files = (
			);
			runOnlyForDeploymentPostprocessing = 0;
		};
/* End PBXFrameworksBuildPhase section */

/* Begin PBXGroup section */
		8380397B1F271513000F0340 = {
			isa = PBXGroup;
			children = (
				838039861F271513000F0340 /* SceneKit-17阴影使用 */,
				838039A01F271513000F0340 /* SceneKit-17阴影使用Tests */,
				838039AB1F271513000F0340 /* SceneKit-17阴影使用UITests */,
				838039851F271513000F0340 /* Products */,
			);
			sourceTree = "<group>";
		};
		838039851F271513000F0340 /* Products */ = {
			isa = PBXGroup;
			children = (
				838039841F271513000F0340 /* SceneKit-17阴影使用.app */,
				8380399D1F271513000F0340 /* SceneKit-17阴影使用Tests.xctest */,
				838039A81F271513000F0340 /* SceneKit-17阴影使用UITests.xctest */,
			);
			name = Products;
			sourceTree = "<group>";
		};
		838039861F271513000F0340 /* SceneKit-17阴影使用 */ = {
			isa = PBXGroup;
			children = (
				8380398A1F271513000F0340 /* AppDelegate.h */,
				8380398B1F271513000F0340 /* AppDelegate.m */,
				8380398D1F271513000F0340 /* ViewController.h */,
				8380398E1F271513000F0340 /* ViewController.m */,
				838039901F271513000F0340 /* Main.storyboard */,
				838039931F271513000F0340 /* Assets.xcassets */,
				838039951F271513000F0340 /* LaunchScreen.storyboard */,
				838039981F271513000F0340 /* Info.plist */,
				838039871F271513000F0340 /* Supporting Files */,
			);
			path = "SceneKit-17阴影使用";
			sourceTree = "<group>";
		};
		838039871F271513000F0340 /* Supporting Files */ = {
			isa = PBXGroup;
			children = (
				838039881F271513000F0340 /* main.m */,
			);
			name = "Supporting Files";
			sourceTree = "<group>";
		};
		838039A01F271513000F0340 /* SceneKit-17阴影使用Tests */ = {
			isa = PBXGroup;
			children = (
				838039A11F271513000F0340 /* SceneKit_17____Tests.m */,
				838039A31F271513000F0340 /* Info.plist */,
			);
			path = "SceneKit-17阴影使用Tests";
			sourceTree = "<group>";
		};
		838039AB1F271513000F0340 /* SceneKit-17阴影使用UITests */ = {
			isa = PBXGroup;
			children = (
				838039AC1F271513000F0340 /* SceneKit_17____UITests.m */,
				838039AE1F271513000F0340 /* Info.plist */,
			);
			path = "SceneKit-17阴影使用UITests";
			sourceTree = "<group>";
		};
/* End PBXGroup section */

/* Begin PBXNativeTarget section */
		838039831F271513000F0340 /* SceneKit-17阴影使用 */ = {
			isa = PBXNativeTarget;
			buildConfigurationList = 838039B11F271513000F0340 /* Build configuration list for PBXNativeTarget "SceneKit-17阴影使用" */;
			buildPhases = (
				838039801F271513000F0340 /* Sources */,
				838039811F271513000F0340 /* Frameworks */,
				838039821F271513000F0340 /* Resources */,
			);
			buildRules = (
			);
			dependencies = (
			);
			name = "SceneKit-17阴影使用";
			productName = "SceneKit-17阴影使用";
			productReference = 838039841F271513000F0340 /* SceneKit-17阴影使用.app */;
			productType = "com.apple.product-type.application";
		};
		8380399C1F271513000F0340 /* SceneKit-17阴影使用Tests */ = {
			isa = PBXNativeTarget;
			buildConfigurationList = 838039B41F271513000F0340 /* Build configuration list for PBXNativeTarget "SceneKit-17阴影使用Tests" */;
			buildPhases = (
				838039991F271513000F0340 /* Sources */,
				8380399A1F271513000F0340 /* Frameworks */,
				8380399B1F271513000F0340 /* Resources */,
			);
			buildRules = (
			);
			dependencies = (
				8380399F1F271513000F0340 /* PBXTargetDependency */,
			);
			name = "SceneKit-17阴影使用Tests";
			productName = "SceneKit-17阴影使用Tests";
			productReference = 8380399D1F271513000F0340 /* SceneKit-17阴影使用Tests.xctest */;
			productType = "com.apple.product-type.bundle.unit-test";
		};
		838039A71F271513000F0340 /* SceneKit-17阴影使用UITests */ = {
			isa = PBXNativeTarget;
			buildConfigurationList = 838039B71F271513000F0340 /* Build configuration list for PBXNativeTarget "SceneKit-17阴影使用UITests" */;
			buildPhases = (
				838039A41F271513000F0340 /* Sources */,
				838039A51F271513000F0340 /* Frameworks */,
				838039A61F271513000F0340 /* Resources */,
			);
			buildRules = (
			);
			dependencies = (
				838039AA1F271513000F0340 /* PBXTargetDependency */,
			);
			name = "SceneKit-17阴影使用UITests";
			productName = "SceneKit-17阴影使用UITests";
			productReference = 838039A81F271513000F0340 /* SceneKit-17阴影使用UITests.xctest */;
			productType = "com.apple.product-type.bundle.ui-testing";
		};
/* End PBXNativeTarget section */

/* Begin PBXProject section */
		8380397C1F271513000F0340 /* Project object */ = {
			isa = PBXProject;
			attributes = {
				LastUpgradeCheck = 0830;
				ORGANIZATIONNAME = ShiWen;
				TargetAttributes = {
					838039831F271513000F0340 = {
						CreatedOnToolsVersion = 8.3.3;
						ProvisioningStyle = Automatic;
					};
					8380399C1F271513000F0340 = {
						CreatedOnToolsVersion = 8.3.3;
						ProvisioningStyle = Automatic;
						TestTargetID = 838039831F271513000F0340;
					};
					838039A71F271513000F0340 = {
						CreatedOnToolsVersion = 8.3.3;
						ProvisioningStyle = Automatic;
						TestTargetID = 838039831F271513000F0340;
					};
				};
			};
			buildConfigurationList = 8380397F1F271513000F0340 /* Build configuration list for PBXProject "SceneKit-17阴影使用" */;
			compatibilityVersion = "Xcode 3.2";
			developmentRegion = English;
			hasScannedForEncodings = 0;
			knownRegions = (
				en,
				Base,
			);
			mainGroup = 8380397B1F271513000F0340;
			productRefGroup = 838039851F271513000F0340 /* Products */;
			projectDirPath = "";
			projectRoot = "";
			targets = (
				838039831F271513000F0340 /* SceneKit-17阴影使用 */,
				8380399C1F271513000F0340 /* SceneKit-17阴影使用Tests */,
				838039A71F271513000F0340 /* SceneKit-17阴影使用UITests */,
			);
		};
/* End PBXProject section */

/* Begin PBXResourcesBuildPhase section */
		838039821F271513000F0340 /* Resources */ = {
			isa = PBXResourcesBuildPhase;
			buildActionMask = 2147483647;
			files = (
				838039971F271513000F0340 /* LaunchScreen.storyboard in Resources */,
				838039941F271513000F0340 /* Assets.xcassets in Resources */,
				838039921F271513000F0340 /* Main.storyboard in Resources */,
			);
			runOnlyForDeploymentPostprocessing = 0;
		};
		8380399B1F271513000F0340 /* Resources */ = {
			isa = PBXResourcesBuildPhase;
			buildActionMask = 2147483647;
			files = (
			);
			runOnlyForDeploymentPostprocessing = 0;
		};
		838039A61F271513000F0340 /* Resources */ = {
			isa = PBXResourcesBuildPhase;
			buildActionMask = 2147483647;
			files = (
			);
			runOnlyForDeploymentPostprocessing = 0;
		};
/* End PBXResourcesBuildPhase section */

/* Begin PBXSourcesBuildPhase section */
		838039801F271513000F0340 /* Sources */ = {
			isa = PBXSourcesBuildPhase;
			buildActionMask = 2147483647;
			files = (
				8380398F1F271513000F0340 /* ViewController.m in Sources */,
				8380398C1F271513000F0340 /* AppDelegate.m in Sources */,
				838039891F271513000F0340 /* main.m in Sources */,
			);
			runOnlyForDeploymentPostprocessing = 0;
		};
		838039991F271513000F0340 /* Sources */ = {
			isa = PBXSourcesBuildPhase;
			buildActionMask = 2147483647;
			files = (
				838039A21F271513000F0340 /* SceneKit_17____Tests.m in Sources */,
			);
			runOnlyForDeploymentPostprocessing = 0;
		};
		838039A41F271513000F0340 /* Sources */ = {
			isa = PBXSourcesBuildPhase;
			buildActionMask = 2147483647;
			files = (
				838039AD1F271513000F0340 /* SceneKit_17____UITests.m in Sources */,
			);
			runOnlyForDeploymentPostprocessing = 0;
		};
/* End PBXSourcesBuildPhase section */

/* Begin PBXTargetDependency section */
		8380399F1F271513000F0340 /* PBXTargetDependency */ = {
			isa = PBXTargetDependency;
			target = 838039831F271513000F0340 /* SceneKit-17阴影使用 */;
			targetProxy = 8380399E1F271513000F0340 /* PBXContainerItemProxy */;
		};
		838039AA1F271513000F0340 /* PBXTargetDependency */ = {
			isa = PBXTargetDependency;
			target = 838039831F271513000F0340 /* SceneKit-17阴影使用 */;
			targetProxy = 838039A91F271513000F0340 /* PBXContainerItemProxy */;
		};
/* End PBXTargetDependency section */

/* Begin PBXVariantGroup section */
		838039901F271513000F0340 /* Main.storyboard */ = {
			isa = PBXVariantGroup;
			children = (
				838039911F271513000F0340 /* Base */,
			);
			name = Main.storyboard;
			sourceTree = "<group>";
		};
		838039951F271513000F0340 /* LaunchScreen.storyboard */ = {
			isa = PBXVariantGroup;
			children = (
				838039961F271513000F0340 /* Base */,
			);
			name = LaunchScreen.storyboard;
			sourceTree = "<group>";
		};
/* End PBXVariantGroup section */

/* Begin XCBuildConfiguration section */
		838039AF1F271513000F0340 /* Debug */ = {
			isa = XCBuildConfiguration;
			buildSettings = {
				ALWAYS_SEARCH_USER_PATHS = NO;
				CLANG_ANALYZER_NONNULL = YES;
				CLANG_ANALYZER_NUMBER_OBJECT_CONVERSION = YES_AGGRESSIVE;
				CLANG_CXX_LANGUAGE_STANDARD = "gnu++0x";
				CLANG_CXX_LIBRARY = "libc++";
				CLANG_ENABLE_MODULES = YES;
				CLANG_ENABLE_OBJC_ARC = YES;
				CLANG_WARN_BOOL_CONVERSION = YES;
				CLANG_WARN_CONSTANT_CONVERSION = YES;
				CLANG_WARN_DIRECT_OBJC_ISA_USAGE = YES_ERROR;
				CLANG_WARN_DOCUMENTATION_COMMENTS = YES;
				CLANG_WARN_EMPTY_BODY = YES;
				CLANG_WARN_ENUM_CONVERSION = YES;
				CLANG_WARN_INFINITE_RECURSION = YES;
				CLANG_WARN_INT_CONVERSION = YES;
				CLANG_WARN_OBJC_ROOT_CLASS = YES_ERROR;
				CLANG_WARN_SUSPICIOUS_MOVE = YES;
				CLANG_WARN_UNREACHABLE_CODE = YES;
				CLANG_WARN__DUPLICATE_METHOD_MATCH = YES;
				"CODE_SIGN_IDENTITY[sdk=iphoneos*]" = "iPhone Developer";
				COPY_PHASE_STRIP = NO;
				DEBUG_INFORMATION_FORMAT = dwarf;
				ENABLE_STRICT_OBJC_MSGSEND = YES;
				ENABLE_TESTABILITY = YES;
				GCC_C_LANGUAGE_STANDARD = gnu99;
				GCC_DYNAMIC_NO_PIC = NO;
				GCC_NO_COMMON_BLOCKS = YES;
				GCC_OPTIMIZATION_LEVEL = 0;
				GCC_PREPROCESSOR_DEFINITIONS = (
					"DEBUG=1",
					"$(inherited)",
				);
				GCC_WARN_64_TO_32_BIT_CONVERSION = YES;
				GCC_WARN_ABOUT_RETURN_TYPE = YES_ERROR;
				GCC_WARN_UNDECLARED_SELECTOR = YES;
				GCC_WARN_UNINITIALIZED_AUTOS = YES_AGGRESSIVE;
				GCC_WARN_UNUSED_FUNCTION = YES;
				GCC_WARN_UNUSED_VARIABLE = YES;
				IPHONEOS_DEPLOYMENT_TARGET = 10.3;
				MTL_ENABLE_DEBUG_INFO = YES;
				ONLY_ACTIVE_ARCH = YES;
				SDKROOT = iphoneos;
			};
			name = Debug;
		};
		838039B01F271513000F0340 /* Release */ = {
			isa = XCBuildConfiguration;
			buildSettings = {
				ALWAYS_SEARCH_USER_PATHS = NO;
				CLANG_ANALYZER_NONNULL = YES;
				CLANG_ANALYZER_NUMBER_OBJECT_CONVERSION = YES_AGGRESSIVE;
				CLANG_CXX_LANGUAGE_STANDARD = "gnu++0x";
				CLANG_CXX_LIBRARY = "libc++";
				CLANG_ENABLE_MODULES = YES;
				CLANG_ENABLE_OBJC_ARC = YES;
				CLANG_WARN_BOOL_CONVERSION = YES;
				CLANG_WARN_CONSTANT_CONVERSION = YES;
				CLANG_WARN_DIRECT_OBJC_ISA_USAGE = YES_ERROR;
				CLANG_WARN_DOCUMENTATION_COMMENTS = YES;
				CLANG_WARN_EMPTY_BODY = YES;
				CLANG_WARN_ENUM_CONVERSION = YES;
				CLANG_WARN_INFINITE_RECURSION = YES;
				CLANG_WARN_INT_CONVERSION = YES;
				CLANG_WARN_OBJC_ROOT_CLASS = YES_ERROR;
				CLANG_WARN_SUSPICIOUS_MOVE = YES;
				CLANG_WARN_UNREACHABLE_CODE = YES;
				CLANG_WARN__DUPLICATE_METHOD_MATCH = YES;
				"CODE_SIGN_IDENTITY[sdk=iphoneos*]" = "iPhone Developer";
				COPY_PHASE_STRIP = NO;
				DEBUG_INFORMATION_FORMAT = "dwarf-with-dsym";
				ENABLE_NS_ASSERTIONS = NO;
				ENABLE_STRICT_OBJC_MSGSEND = YES;
				GCC_C_LANGUAGE_STANDARD = gnu99;
				GCC_NO_COMMON_BLOCKS = YES;
				GCC_WARN_64_TO_32_BIT_CONVERSION = YES;
				GCC_WARN_ABOUT_RETURN_TYPE = YES_ERROR;
				GCC_WARN_UNDECLARED_SELECTOR = YES;
				GCC_WARN_UNINITIALIZED_AUTOS = YES_AGGRESSIVE;
				GCC_WARN_UNUSED_FUNCTION = YES;
				GCC_WARN_UNUSED_VARIABLE = YES;
				IPHONEOS_DEPLOYMENT_TARGET = 10.3;
				MTL_ENABLE_DEBUG_INFO = NO;
				SDKROOT = iphoneos;
				VALIDATE_PRODUCT = YES;
			};
			name = Release;
		};
		838039B21F271513000F0340 /* Debug */ = {
			isa = XCBuildConfiguration;
			buildSettings = {
				ASSETCATALOG_COMPILER_APPICON_NAME = AppIcon;
				INFOPLIST_FILE = "SceneKit-17阴影使用/Info.plist";
				LD_RUNPATH_SEARCH_PATHS = "$(inherited) @executable_path/Frameworks";
				PRODUCT_BUNDLE_IDENTIFIER = "com.ShiWenChen.com.SceneKit-17----";
				PRODUCT_NAME = "$(TARGET_NAME)";
			};
			name = Debug;
		};
		838039B31F271513000F0340 /* Release */ = {
			isa = XCBuildConfiguration;
			buildSettings = {
				ASSETCATALOG_COMPILER_APPICON_NAME = AppIcon;
				INFOPLIST_FILE = "SceneKit-17阴影使用/Info.plist";
				LD_RUNPATH_SEARCH_PATHS = "$(inherited) @executable_path/Frameworks";
				PRODUCT_BUNDLE_IDENTIFIER = "com.ShiWenChen.com.SceneKit-17----";
				PRODUCT_NAME = "$(TARGET_NAME)";
			};
			name = Release;
		};
		838039B51F271513000F0340 /* Debug */ = {
			isa = XCBuildConfiguration;
			buildSettings = {
				BUNDLE_LOADER = "$(TEST_HOST)";
				INFOPLIST_FILE = "SceneKit-17阴影使用Tests/Info.plist";
				LD_RUNPATH_SEARCH_PATHS = "$(inherited) @executable_path/Frameworks @loader_path/Frameworks";
				PRODUCT_BUNDLE_IDENTIFIER = "com.ShiWenChen.com.SceneKit-17----Tests";
				PRODUCT_NAME = "$(TARGET_NAME)";
				TEST_HOST = "$(BUILT_PRODUCTS_DIR)/SceneKit-17阴影使用.app/SceneKit-17阴影使用";
			};
			name = Debug;
		};
		838039B61F271513000F0340 /* Release */ = {
			isa = XCBuildConfiguration;
			buildSettings = {
				BUNDLE_LOADER = "$(TEST_HOST)";
				INFOPLIST_FILE = "SceneKit-17阴影使用Tests/Info.plist";
				LD_RUNPATH_SEARCH_PATHS = "$(inherited) @executable_path/Frameworks @loader_path/Frameworks";
				PRODUCT_BUNDLE_IDENTIFIER = "com.ShiWenChen.com.SceneKit-17----Tests";
				PRODUCT_NAME = "$(TARGET_NAME)";
				TEST_HOST = "$(BUILT_PRODUCTS_DIR)/SceneKit-17阴影使用.app/SceneKit-17阴影使用";
			};
			name = Release;
		};
		838039B81F271513000F0340 /* Debug */ = {
			isa = XCBuildConfiguration;
			buildSettings = {
				INFOPLIST_FILE = "SceneKit-17阴影使用UITests/Info.plist";
				LD_RUNPATH_SEARCH_PATHS = "$(inherited) @executable_path/Frameworks @loader_path/Frameworks";
				PRODUCT_BUNDLE_IDENTIFIER = "com.ShiWenChen.com.SceneKit-17----UITests";
				PRODUCT_NAME = "$(TARGET_NAME)";
				TEST_TARGET_NAME = "SceneKit-17阴影使用";
			};
			name = Debug;
		};
		838039B91F271513000F0340 /* Release */ = {
			isa = XCBuildConfiguration;
			buildSettings = {
				INFOPLIST_FILE = "SceneKit-17阴影使用UITests/Info.plist";
				LD_RUNPATH_SEARCH_PATHS = "$(inherited) @executable_path/Frameworks @loader_path/Frameworks";
				PRODUCT_BUNDLE_IDENTIFIER = "com.ShiWenChen.com.SceneKit-17----UITests";
				PRODUCT_NAME = "$(TARGET_NAME)";
				TEST_TARGET_NAME = "SceneKit-17阴影使用";
			};
			name = Release;
		};
/* End XCBuildConfiguration section */

/* Begin XCConfigurationList section */
		8380397F1F271513000F0340 /* Build configuration list for PBXProject "SceneKit-17阴影使用" */ = {
			isa = XCConfigurationList;
			buildConfigurations = (
				838039AF1F271513000F0340 /* Debug */,
				838039B01F271513000F0340 /* Release */,
			);
			defaultConfigurationIsVisible = 0;
			defaultConfigurationName = Release;
		};
		838039B11F271513000F0340 /* Build configuration list for PBXNativeTarget "SceneKit-17阴影使用" */ = {
			isa = XCConfigurationList;
			buildConfigurations = (
				838039B21F271513000F0340 /* Debug */,
				838039B31F271513000F0340 /* Release */,
			);
			defaultConfigurationIsVisible = 0;
		};
		838039B41F271513000F0340 /* Build configuration list for PBXNativeTarget "SceneKit-17阴影使用Tests" */ = {
			isa = XCConfigurationList;
			buildConfigurations = (
				838039B51F271513000F0340 /* Debug */,
				838039B61F271513000F0340 /* Release */,
			);
			defaultConfigurationIsVisible = 0;
		};
		838039B71F271513000F0340 /* Build configuration list for PBXNativeTarget "SceneKit-17阴影使用UITests" */ = {
			isa = XCConfigurationList;
			buildConfigurations = (
				838039B81F271513000F0340 /* Debug */,
				838039B91F271513000F0340 /* Release */,
			);
			defaultConfigurationIsVisible = 0;
		};
/* End XCConfigurationList section */
	};
	rootObject = 8380397C1F271513000F0340 /* Project object */;
}
